
Microsoft Visual Studio Solution File, Format Version 12.00
# Visual Studio 15
Project("{FAE04EC0-301F-11D3-BF4B-00C04F79EFBC}") = "UnityEngine.TestRunner", "UnityEngine.TestRunner.csproj", "{4AE5DB06-4056-10B9-FFA6-7E552097228C}"
EndProject
Project("{FAE04EC0-301F-11D3-BF4B-00C04F79EFBC}") = "UnityEngine.UI", "UnityEngine.UI.csproj", "{2F69E7A8-9942-60D8-E294-2A6E7E1FA28B}"
EndProject
Project("{FAE04EC0-301F-11D3-BF4B-00C04F79EFBC}") = "Unity.TextMeshPro", "Unity.TextMeshPro.csproj", "{6E3AF9E5-4D7C-03CE-EA02-C2AAB4CE1A47}"
EndProject
Project("{FAE04EC0-301F-11D3-BF4B-00C04F79EFBC}") = "Unity.Timeline", "Unity.Timeline.csproj", "{5A338DAF-FE9F-1DC9-75D7-E0FD3243B1C6}"
EndProject
Project("{FAE04EC0-301F-11D3-BF4B-00C04F79EFBC}") = "Assembly-CSharp", "Assembly-CSharp.csproj", "{6FC65782-253A-D7B2-ADB7-9327F68CC001}"
EndProject
Project("{FAE04EC0-301F-11D3-BF4B-00C04F79EFBC}") = "Unity.TextMeshPro.Editor", "Unity.TextMeshPro.Editor.csproj", "{CF258B56-2774-D9BC-30C3-FCCA0FCB0220}"
EndProject
Project("{FAE04EC0-301F-11D3-BF4B-00C04F79EFBC}") = "Unity.Timeline.Editor", "Unity.Timeline.Editor.csproj", "{116239C1-6094-BF77-443F-07FFC5FC7E62}"
EndProject
Project("{FAE04EC0-301F-11D3-BF4B-00C04F79EFBC}") = "UnityEditor.TestRunner", "UnityEditor.TestRunner.csproj", "{4D188D88-6702-CDD5-B6FD-885F126AA1D7}"
EndProject
Project("{FAE04EC0-301F-11D3-BF4B-00C04F79EFBC}") = "UnityEditor.UI", "UnityEditor.UI.csproj", "{C5EEC265-FF7B-5D43-E7D0-6BBFEFC02D4A}"
EndProject
Project("{FAE04EC0-301F-11D3-BF4B-00C04F79EFBC}") = "Unity.Rider.Editor", "Unity.Rider.Editor.csproj", "{9AF7D89E-E278-7047-4958-C440233F34FC}"
EndProject
Project("{FAE04EC0-301F-11D3-BF4B-00C04F79EFBC}") = "Unity.CollabProxy.Editor", "Unity.CollabProxy.Editor.csproj", "{937EA6B8-A6BC-E3BE-8797-A8173F225DAF}"
EndProject
Project("{FAE04EC0-301F-11D3-BF4B-00C04F79EFBC}") = "Unity.VSCode.Editor", "Unity.VSCode.Editor.csproj", "{A6524E9F-C820-B0A5-240F-751F633666AD}"
EndProject
Global
	GlobalSection(SolutionConfigurationPlatforms) = preSolution
		Debug|Any CPU = Debug|Any CPU
		Release|Any CPU = Release|Any CPU
	EndGlobalSection
	GlobalSection(ProjectConfigurationPlatforms) = postSolution
		{4AE5DB06-4056-10B9-FFA6-7E552097228C}.Debug|Any CPU.ActiveCfg = Debug|Any CPU
		{4AE5DB06-4056-10B9-FFA6-7E552097228C}.Debug|Any CPU.Build.0 = Debug|Any CPU
		{4AE5DB06-4056-10B9-FFA6-7E552097228C}.Release|Any CPU.ActiveCfg = Release|Any CPU
		{4AE5DB06-4056-10B9-FFA6-7E552097228C}.Release|Any CPU.Build.0 = Release|Any CPU
		{2F69E7A8-9942-60D8-E294-2A6E7E1FA28B}.Debug|Any CPU.ActiveCfg = Debug|Any CPU
		{2F69E7A8-9942-60D8-E294-2A6E7E1FA28B}.Debug|Any CPU.Build.0 = Debug|Any CPU
		{2F69E7A8-9942-60D8-E294-2A6E7E1FA28B}.Release|Any CPU.ActiveCfg = Release|Any CPU
		{2F69E7A8-9942-60D8-E294-2A6E7E1FA28B}.Release|Any CPU.Build.0 = Release|Any CPU
		{6E3AF9E5-4D7C-03CE-EA02-C2AAB4CE1A47}.Debug|Any CPU.ActiveCfg = Debug|Any CPU
		{6E3AF9E5-4D7C-03CE-EA02-C2AAB4CE1A47}.Debug|Any CPU.Build.0 = Debug|Any CPU
		{6E3AF9E5-4D7C-03CE-EA02-C2AAB4CE1A47}.Release|Any CPU.ActiveCfg = Release|Any CPU
		{6E3AF9E5-4D7C-03CE-EA02-C2AAB4CE1A47}.Release|Any CPU.Build.0 = Release|Any CPU
		{5A338DAF-FE9F-1DC9-75D7-E0FD3243B1C6}.Debug|Any CPU.ActiveCfg = Debug|Any CPU
		{5A338DAF-FE9F-1DC9-75D7-E0FD3243B1C6}.Debug|Any CPU.Build.0 = Debug|Any CPU
		{5A338DAF-FE9F-1DC9-75D7-E0FD3243B1C6}.Release|Any CPU.ActiveCfg = Release|Any CPU
		{5A338DAF-FE9F-1DC9-75D7-E0FD3243B1C6}.Release|Any CPU.Build.0 = Release|Any CPU
		{6FC65782-253A-D7B2-ADB7-9327F68CC001}.Debug|Any CPU.ActiveCfg = Debug|Any CPU
		{6FC65782-253A-D7B2-ADB7-9327F68CC001}.Debug|Any CPU.Build.0 = Debug|Any CPU
		{6FC65782-253A-D7B2-ADB7-9327F68CC001}.Release|Any CPU.ActiveCfg = Release|Any CPU
		{6FC65782-253A-D7B2-ADB7-9327F68CC001}.Release|Any CPU.Build.0 = Release|Any CPU
		{CF258B56-2774-D9BC-30C3-FCCA0FCB0220}.Debug|Any CPU.ActiveCfg = Debug|Any CPU
		{CF258B56-2774-D9BC-30C3-FCCA0FCB0220}.Debug|Any CPU.Build.0 = Debug|Any CPU
		{CF258B56-2774-D9BC-30C3-FCCA0FCB0220}.Release|Any CPU.ActiveCfg = Release|Any CPU
		{CF258B56-2774-D9BC-30C3-FCCA0FCB0220}.Release|Any CPU.Build.0 = Release|Any CPU
		{116239C1-6094-BF77-443F-07FFC5FC7E62}.Debug|Any CPU.ActiveCfg = Debug|Any CPU
		{116239C1-6094-BF77-443F-07FFC5FC7E62}.Debug|Any CPU.Build.0 = Debug|Any CPU
		{116239C1-6094-BF77-443F-07FFC5FC7E62}.Release|Any CPU.ActiveCfg = Release|Any CPU
		{116239C1-6094-BF77-443F-07FFC5FC7E62}.Release|Any CPU.Build.0 = Release|Any CPU
		{4D188D88-6702-CDD5-B6FD-885F126AA1D7}.Debug|Any CPU.ActiveCfg = Debug|Any CPU
		{4D188D88-6702-CDD5-B6FD-885F126AA1D7}.Debug|Any CPU.Build.0 = Debug|Any CPU
		{4D188D88-6702-CDD5-B6FD-885F126AA1D7}.Release|Any CPU.ActiveCfg = Release|Any CPU
		{4D188D88-6702-CDD5-B6FD-885F126AA1D7}.Release|Any CPU.Build.0 = Release|Any CPU
		{C5EEC265-FF7B-5D43-E7D0-6BBFEFC02D4A}.Debug|Any CPU.ActiveCfg = Debug|Any CPU
		{C5EEC265-FF7B-5D43-E7D0-6BBFEFC02D4A}.Debug|Any CPU.Build.0 = Debug|Any CPU
		{C5EEC265-FF7B-5D43-E7D0-6BBFEFC02D4A}.Release|Any CPU.ActiveCfg = Release|Any CPU
		{C5EEC265-FF7B-5D43-E7D0-6BBFEFC02D4A}.Release|Any CPU.Build.0 = Release|Any CPU
		{9AF7D89E-E278-7047-4958-C440233F34FC}.Debug|Any CPU.ActiveCfg = Debug|Any CPU
		{9AF7D89E-E278-7047-4958-C440233F34FC}.Debug|Any CPU.Build.0 = Debug|Any CPU
		{9AF7D89E-E278-7047-4958-C440233F34FC}.Release|Any CPU.ActiveCfg = Release|Any CPU
		{9AF7D89E-E278-7047-4958-C440233F34FC}.Release|Any CPU.Build.0 = Release|Any CPU
		{937EA6B8-A6BC-E3BE-8797-A8173F225DAF}.Debug|Any CPU.ActiveCfg = Debug|Any CPU
		{937EA6B8-A6BC-E3BE-8797-A8173F225DAF}.Debug|Any CPU.Build.0 = Debug|Any CPU
		{937EA6B8-A6BC-E3BE-8797-A8173F225DAF}.Release|Any CPU.ActiveCfg = Release|Any CPU
		{937EA6B8-A6BC-E3BE-8797-A8173F225DAF}.Release|Any CPU.Build.0 = Release|Any CPU
		{A6524E9F-C820-B0A5-240F-751F633666AD}.Debug|Any CPU.ActiveCfg = Debug|Any CPU
		{A6524E9F-C820-B0A5-240F-751F633666AD}.Debug|Any CPU.Build.0 = Debug|Any CPU
		{A6524E9F-C820-B0A5-240F-751F633666AD}.Release|Any CPU.ActiveCfg = Release|Any CPU
		{A6524E9F-C820-B0A5-240F-751F633666AD}.Release|Any CPU.Build.0 = Release|Any CPU
	EndGlobalSection
	GlobalSection(SolutionProperties) = preSolution
		HideSolutionNode = FALSE
	EndGlobalSection
EndGlobal
